
Microsoft Visual Studio Solution File, Format Version 12.00
# Visual Studio Version 16
VisualStudioVersion = 16.0.31515.178
MinimumVisualStudioVersion = 10.0.40219.1
Project("{9A19103F-16F7-4668-BE54-9A1E7A4F7556}") = "TravelAgencyAPI", "TravelAgencyAPI\TravelAgencyAPI.csproj", "{9370AE60-483C-4C4D-91F9-27FB383B6EB9}"
	ProjectSection(ProjectDependencies) = postProject
		{65AC053F-C3C2-47BD-B388-0A32583E8518} = {65AC053F-C3C2-47BD-B388-0A32583E8518}
		{ACDCB7D5-7E42-4DDE-A3B8-7807E0A5276B} = {ACDCB7D5-7E42-4DDE-A3B8-7807E0A5276B}
	EndProjectSection
EndProject
Project("{9A19103F-16F7-4668-BE54-9A1E7A4F7556}") = "TravelAgencyEntity", "TravelAgencyEntity\TravelAgencyEntity.csproj", "{65AC053F-C3C2-47BD-B388-0A32583E8518}"
EndProject
Project("{9A19103F-16F7-4668-BE54-9A1E7A4F7556}") = "TravelAgencyDTO", "TravelAgencyDTO\TravelAgencyDTO.csproj", "{ACDCB7D5-7E42-4DDE-A3B8-7807E0A5276B}"
EndProject
Project("{FAE04EC0-301F-11D3-BF4B-00C04F79EFBC}") = "TravelAgencyApp", "TravelAgencyApp\TravelAgencyApp.csproj", "{C3D775CD-24DB-4121-B2E0-1CEA0EB51A25}"
EndProject
Global
	GlobalSection(SolutionConfigurationPlatforms) = preSolution
		Debug|Any CPU = Debug|Any CPU
		Release|Any CPU = Release|Any CPU
	EndGlobalSection
	GlobalSection(ProjectConfigurationPlatforms) = postSolution
		{9370AE60-483C-4C4D-91F9-27FB383B6EB9}.Debug|Any CPU.ActiveCfg = Debug|Any CPU
		{9370AE60-483C-4C4D-91F9-27FB383B6EB9}.Debug|Any CPU.Build.0 = Debug|Any CPU
		{9370AE60-483C-4C4D-91F9-27FB383B6EB9}.Release|Any CPU.ActiveCfg = Release|Any CPU
		{9370AE60-483C-4C4D-91F9-27FB383B6EB9}.Release|Any CPU.Build.0 = Release|Any CPU
		{65AC053F-C3C2-47BD-B388-0A32583E8518}.Debug|Any CPU.ActiveCfg = Debug|Any CPU
		{65AC053F-C3C2-47BD-B388-0A32583E8518}.Debug|Any CPU.Build.0 = Debug|Any CPU
		{65AC053F-C3C2-47BD-B388-0A32583E8518}.Release|Any CPU.ActiveCfg = Release|Any CPU
		{65AC053F-C3C2-47BD-B388-0A32583E8518}.Release|Any CPU.Build.0 = Release|Any CPU
		{ACDCB7D5-7E42-4DDE-A3B8-7807E0A5276B}.Debug|Any CPU.ActiveCfg = Debug|Any CPU
		{ACDCB7D5-7E42-4DDE-A3B8-7807E0A5276B}.Debug|Any CPU.Build.0 = Debug|Any CPU
		{ACDCB7D5-7E42-4DDE-A3B8-7807E0A5276B}.Release|Any CPU.ActiveCfg = Release|Any CPU
		{ACDCB7D5-7E42-4DDE-A3B8-7807E0A5276B}.Release|Any CPU.Build.0 = Release|Any CPU
		{C3D775CD-24DB-4121-B2E0-1CEA0EB51A25}.Debug|Any CPU.ActiveCfg = Debug|Any CPU
		{C3D775CD-24DB-4121-B2E0-1CEA0EB51A25}.Debug|Any CPU.Build.0 = Debug|Any CPU
		{C3D775CD-24DB-4121-B2E0-1CEA0EB51A25}.Release|Any CPU.ActiveCfg = Release|Any CPU
		{C3D775CD-24DB-4121-B2E0-1CEA0EB51A25}.Release|Any CPU.Build.0 = Release|Any CPU
	EndGlobalSection
	GlobalSection(SolutionProperties) = preSolution
		HideSolutionNode = FALSE
	EndGlobalSection
	GlobalSection(ExtensibilityGlobals) = postSolution
		SolutionGuid = {479DB061-B68F-4E50-A107-258D1AE87092}
	EndGlobalSection
EndGlobal
